{
  "pins" : [
    {
      "identity" : "spmdemo-ios",
      "kind" : "remoteSourceControl",
      "location" : "https://github.com/mukuljoshi-iOS-dev/SPMDemo-iOS.git",
      "state" : {
        "branch" : "main",
        "revision" : "25ef42e1e69dff09e82489af787994a90ea1a1f9"
      }
    }
  ],
  "version" : 2
}
