{
  "pins" : [
    {
      "identity" : "spmdemo-ios",
      "kind" : "remoteSourceControl",
      "location" : "https://github.com/mukuljoshi-iOS-dev/SPMDemo-iOS.git",
      "state" : {
        "branch" : "main",
        "revision" : "f4cc7081fba7a518236941c6d6f77109bd18f010"
      }
    }
  ],
  "version" : 2
}
