{
  "pins" : [
    {
      "identity" : "spmdemo-ios",
      "kind" : "remoteSourceControl",
      "location" : "https://github.com/mukuljoshi-iOS-dev/SPMDemo-iOS.git",
      "state" : {
        "branch" : "main",
        "revision" : "676e975ce5203f4b3dff551c62f34bd37320ea53"
      }
    }
  ],
  "version" : 2
}
